# This file is autogenerated, do not edit; changes may be undone by the next 'dep ensure'.


[[projects]]
  digest = "1:9a0096b08bc79148f6dd456e0b7679b38607d03b226a055ce9db7b7d756e5efe"
  name = "github.com/easierway/concurrent_map"
  packages = ["."]
  pruneopts = "UT"
  revision = "7073b0dd7e9577513a78225491cb4a68e6d62a86"
  version = "v1.0.0"

[solve-meta]
  analyzer-name = "dep"
  analyzer-version = 1
  input-imports = ["github.com/easierway/concurrent_map"]
  solver-name = "gps-cdcl"
  solver-version = 1
